
Microsoft Visual Studio Solution File, Format Version 12.00
# Visual Studio Version 17
VisualStudioVersion = 17.9.34622.214
MinimumVisualStudioVersion = 10.0.40219.1
Project("{FAE04EC0-301F-11D3-BF4B-00C04F79EFBC}") = "Проба косточек для школы", "Проба косточек для школы.csproj", "{6AF80274-55E1-4240-A415-9F1A1CC20088}"
EndProject
Global
	GlobalSection(SolutionConfigurationPlatforms) = preSolution
		Debug|Any CPU = Debug|Any CPU
		Release|Any CPU = Release|Any CPU
	EndGlobalSection
	GlobalSection(ProjectConfigurationPlatforms) = postSolution
		{6AF80274-55E1-4240-A415-9F1A1CC20088}.Debug|Any CPU.ActiveCfg = Debug|Any CPU
		{6AF80274-55E1-4240-A415-9F1A1CC20088}.Debug|Any CPU.Build.0 = Debug|Any CPU
		{6AF80274-55E1-4240-A415-9F1A1CC20088}.Release|Any CPU.ActiveCfg = Release|Any CPU
		{6AF80274-55E1-4240-A415-9F1A1CC20088}.Release|Any CPU.Build.0 = Release|Any CPU
	EndGlobalSection
	GlobalSection(SolutionProperties) = preSolution
		HideSolutionNode = FALSE
	EndGlobalSection
	GlobalSection(ExtensibilityGlobals) = postSolution
		SolutionGuid = {1FBD1776-9EFD-4DC6-A7AC-F0D114A88787}
	EndGlobalSection
EndGlobal
